// !$*UTF8*$!
{
	archiveVersion = 1;
	classes = {
	};
	objectVersion = 77;
	objects = {

/* Begin PBXContainerItemProxy section */
		7CF00DB02D13FB1900CB1089 /* PBXContainerItemProxy */ = {
			isa = PBXContainerItemProxy;
			containerPortal = 7CF00D912D13FB1700CB1089 /* Project object */;
			proxyType = 1;
			remoteGlobalIDString = 7CF00D982D13FB1700CB1089;
			remoteInfo = LiveStreamPlayback;
		};
		7CF00DBA2D13FB1900CB1089 /* PBXContainerItemProxy */ = {
			isa = PBXContainerItemProxy;
			containerPortal = 7CF00D912D13FB1700CB1089 /* Project object */;
			proxyType = 1;
			remoteGlobalIDString = 7CF00D982D13FB1700CB1089;
			remoteInfo = LiveStreamPlayback;
		};
/* End PBXContainerItemProxy section */

/* Begin PBXFileReference section */
		7CF00D992D13FB1700CB1089 /* LiveStreamPlayback.app */ = {isa = PBXFileReference; explicitFileType = wrapper.application; includeInIndex = 0; path = LiveStreamPlayback.app; sourceTree = BUILT_PRODUCTS_DIR; };
		7CF00DAF2D13FB1900CB1089 /* LiveStreamPlaybackTests.xctest */ = {isa = PBXFileReference; explicitFileType = wrapper.cfbundle; includeInIndex = 0; path = LiveStreamPlaybackTests.xctest; sourceTree = BUILT_PRODUCTS_DIR; };
		7CF00DB92D13FB1900CB1089 /* LiveStreamPlaybackUITests.xctest */ = {isa = PBXFileReference; explicitFileType = wrapper.cfbundle; includeInIndex = 0; path = LiveStreamPlaybackUITests.xctest; sourceTree = BUILT_PRODUCTS_DIR; };
/* End PBXFileReference section */

/* Begin PBXFileSystemSynchronizedBuildFileExceptionSet section */
		7CF00DC12D13FB1900CB1089 /* Exceptions for "LiveStreamPlayback" folder in "LiveStreamPlayback" target */ = {
			isa = PBXFileSystemSynchronizedBuildFileExceptionSet;
			membershipExceptions = (
				Info.plist,
			);
			target = 7CF00D982D13FB1700CB1089 /* LiveStreamPlayback */;
		};
		7CF00DD92D13FF0D00CB1089 /* Exceptions for "LiveStreamPlayback" folder in "LiveStreamPlaybackTests" target */ = {
			isa = PBXFileSystemSynchronizedBuildFileExceptionSet;
			membershipExceptions = (
				Data/comments_data.json,
				Data/video_data.json,
			);
			target = 7CF00DAE2D13FB1900CB1089 /* LiveStreamPlaybackTests */;
		};
		7CF00DDA2D13FF0D00CB1089 /* Exceptions for "LiveStreamPlayback" folder in "LiveStreamPlaybackUITests" target */ = {
			isa = PBXFileSystemSynchronizedBuildFileExceptionSet;
			membershipExceptions = (
				Data/comments_data.json,
				Data/video_data.json,
			);
			target = 7CF00DB82D13FB1900CB1089 /* LiveStreamPlaybackUITests */;
		};
/* End PBXFileSystemSynchronizedBuildFileExceptionSet section */

/* Begin PBXFileSystemSynchronizedRootGroup section */
		7CF00D9B2D13FB1700CB1089 /* LiveStreamPlayback */ = {
			isa = PBXFileSystemSynchronizedRootGroup;
			exceptions = (
				7CF00DC12D13FB1900CB1089 /* Exceptions for "LiveStreamPlayback" folder in "LiveStreamPlayback" target */,
				7CF00DD92D13FF0D00CB1089 /* Exceptions for "LiveStreamPlayback" folder in "LiveStreamPlaybackTests" target */,
				7CF00DDA2D13FF0D00CB1089 /* Exceptions for "LiveStreamPlayback" folder in "LiveStreamPlaybackUITests" target */,
			);
			path = LiveStreamPlayback;
			sourceTree = "<group>";
		};
		7CF00DB22D13FB1900CB1089 /* LiveStreamPlaybackTests */ = {
			isa = PBXFileSystemSynchronizedRootGroup;
			path = LiveStreamPlaybackTests;
			sourceTree = "<group>";
		};
		7CF00DBC2D13FB1900CB1089 /* LiveStreamPlaybackUITests */ = {
			isa = PBXFileSystemSynchronizedRootGroup;
			path = LiveStreamPlaybackUITests;
			sourceTree = "<group>";
		};
/* End PBXFileSystemSynchronizedRootGroup section */

/* Begin PBXFrameworksBuildPhase section */
		7CF00D962D13FB1700CB1089 /* Frameworks */ = {
			isa = PBXFrameworksBuildPhase;
			buildActionMask = 2147483647;
			files = (
			);
			runOnlyForDeploymentPostprocessing = 0;
		};
		7CF00DAC2D13FB1900CB1089 /* Frameworks */ = {
			isa = PBXFrameworksBuildPhase;
			buildActionMask = 2147483647;
			files = (
			);
			runOnlyForDeploymentPostprocessing = 0;
		};
		7CF00DB62D13FB1900CB1089 /* Frameworks */ = {
			isa = PBXFrameworksBuildPhase;
			buildActionMask = 2147483647;
			files = (
			);
			runOnlyForDeploymentPostprocessing = 0;
		};
/* End PBXFrameworksBuildPhase section */

/* Begin PBXGroup section */
		7CF00D902D13FB1700CB1089 = {
			isa = PBXGroup;
			children = (
				7CF00D9B2D13FB1700CB1089 /* LiveStreamPlayback */,
				7CF00DB22D13FB1900CB1089 /* LiveStreamPlaybackTests */,
				7CF00DBC2D13FB1900CB1089 /* LiveStreamPlaybackUITests */,
				7CF00D9A2D13FB1700CB1089 /* Products */,
			);
			sourceTree = "<group>";
		};
		7CF00D9A2D13FB1700CB1089 /* Products */ = {
			isa = PBXGroup;
			children = (
				7CF00D992D13FB1700CB1089 /* LiveStreamPlayback.app */,
				7CF00DAF2D13FB1900CB1089 /* LiveStreamPlaybackTests.xctest */,
				7CF00DB92D13FB1900CB1089 /* LiveStreamPlaybackUITests.xctest */,
			);
			name = Products;
			sourceTree = "<group>";
		};
/* End PBXGroup section */

/* Begin PBXNativeTarget section */
		7CF00D982D13FB1700CB1089 /* LiveStreamPlayback */ = {
			isa = PBXNativeTarget;
			buildConfigurationList = 7CF00DC22D13FB1900CB1089 /* Build configuration list for PBXNativeTarget "LiveStreamPlayback" */;
			buildPhases = (
				7CF00D952D13FB1700CB1089 /* Sources */,
				7CF00D962D13FB1700CB1089 /* Frameworks */,
				7CF00D972D13FB1700CB1089 /* Resources */,
			);
			buildRules = (
			);
			dependencies = (
			);
			fileSystemSynchronizedGroups = (
				7CF00D9B2D13FB1700CB1089 /* LiveStreamPlayback */,
			);
			name = LiveStreamPlayback;
			packageProductDependencies = (
			);
			productName = LiveStreamPlayback;
			productReference = 7CF00D992D13FB1700CB1089 /* LiveStreamPlayback.app */;
			productType = "com.apple.product-type.application";
		};
		7CF00DAE2D13FB1900CB1089 /* LiveStreamPlaybackTests */ = {
			isa = PBXNativeTarget;
			buildConfigurationList = 7CF00DC72D13FB1900CB1089 /* Build configuration list for PBXNativeTarget "LiveStreamPlaybackTests" */;
			buildPhases = (
				7CF00DAB2D13FB1900CB1089 /* Sources */,
				7CF00DAC2D13FB1900CB1089 /* Frameworks */,
				7CF00DAD2D13FB1900CB1089 /* Resources */,
			);
			buildRules = (
			);
			dependencies = (
				7CF00DB12D13FB1900CB1089 /* PBXTargetDependency */,
			);
			fileSystemSynchronizedGroups = (
				7CF00DB22D13FB1900CB1089 /* LiveStreamPlaybackTests */,
			);
			name = LiveStreamPlaybackTests;
			packageProductDependencies = (
			);
			productName = LiveStreamPlaybackTests;
			productReference = 7CF00DAF2D13FB1900CB1089 /* LiveStreamPlaybackTests.xctest */;
			productType = "com.apple.product-type.bundle.unit-test";
		};
		7CF00DB82D13FB1900CB1089 /* LiveStreamPlaybackUITests */ = {
			isa = PBXNativeTarget;
			buildConfigurationList = 7CF00DCA2D13FB1900CB1089 /* Build configuration list for PBXNativeTarget "LiveStreamPlaybackUITests" */;
			buildPhases = (
				7CF00DB52D13FB1900CB1089 /* Sources */,
				7CF00DB62D13FB1900CB1089 /* Frameworks */,
				7CF00DB72D13FB1900CB1089 /* Resources */,
			);
			buildRules = (
			);
			dependencies = (
				7CF00DBB2D13FB1900CB1089 /* PBXTargetDependency */,
			);
			fileSystemSynchronizedGroups = (
				7CF00DBC2D13FB1900CB1089 /* LiveStreamPlaybackUITests */,
			);
			name = LiveStreamPlaybackUITests;
			packageProductDependencies = (
			);
			productName = LiveStreamPlaybackUITests;
			productReference = 7CF00DB92D13FB1900CB1089 /* LiveStreamPlaybackUITests.xctest */;
			productType = "com.apple.product-type.bundle.ui-testing";
		};
/* End PBXNativeTarget section */

/* Begin PBXProject section */
		7CF00D912D13FB1700CB1089 /* Project object */ = {
			isa = PBXProject;
			attributes = {
				BuildIndependentTargetsInParallel = 1;
				LastSwiftUpdateCheck = 1600;
				LastUpgradeCheck = 1600;
				TargetAttributes = {
					7CF00D982D13FB1700CB1089 = {
						CreatedOnToolsVersion = 16.0;
					};
					7CF00DAE2D13FB1900CB1089 = {
						CreatedOnToolsVersion = 16.0;
						TestTargetID = 7CF00D982D13FB1700CB1089;
					};
					7CF00DB82D13FB1900CB1089 = {
						CreatedOnToolsVersion = 16.0;
						TestTargetID = 7CF00D982D13FB1700CB1089;
					};
				};
			};
			buildConfigurationList = 7CF00D942D13FB1700CB1089 /* Build configuration list for PBXProject "LiveStreamPlayback" */;
			developmentRegion = en;
			hasScannedForEncodings = 0;
			knownRegions = (
				en,
				Base,
			);
			mainGroup = 7CF00D902D13FB1700CB1089;
			minimizedProjectReferenceProxies = 1;
			preferredProjectObjectVersion = 77;
			productRefGroup = 7CF00D9A2D13FB1700CB1089 /* Products */;
			projectDirPath = "";
			projectRoot = "";
			targets = (
				7CF00D982D13FB1700CB1089 /* LiveStreamPlayback */,
				7CF00DAE2D13FB1900CB1089 /* LiveStreamPlaybackTests */,
				7CF00DB82D13FB1900CB1089 /* LiveStreamPlaybackUITests */,
			);
		};
/* End PBXProject section */

/* Begin PBXResourcesBuildPhase section */
		7CF00D972D13FB1700CB1089 /* Resources */ = {
			isa = PBXResourcesBuildPhase;
			buildActionMask = 2147483647;
			files = (
			);
			runOnlyForDeploymentPostprocessing = 0;
		};
		7CF00DAD2D13FB1900CB1089 /* Resources */ = {
			isa = PBXResourcesBuildPhase;
			buildActionMask = 2147483647;
			files = (
			);
			runOnlyForDeploymentPostprocessing = 0;
		};
		7CF00DB72D13FB1900CB1089 /* Resources */ = {
			isa = PBXResourcesBuildPhase;
			buildActionMask = 2147483647;
			files = (
			);
			runOnlyForDeploymentPostprocessing = 0;
		};
/* End PBXResourcesBuildPhase section */

/* Begin PBXSourcesBuildPhase section */
		7CF00D952D13FB1700CB1089 /* Sources */ = {
			isa = PBXSourcesBuildPhase;
			buildActionMask = 2147483647;
			files = (
			);
			runOnlyForDeploymentPostprocessing = 0;
		};
		7CF00DAB2D13FB1900CB1089 /* Sources */ = {
			isa = PBXSourcesBuildPhase;
			buildActionMask = 2147483647;
			files = (
			);
			runOnlyForDeploymentPostprocessing = 0;
		};
		7CF00DB52D13FB1900CB1089 /* Sources */ = {
			isa = PBXSourcesBuildPhase;
			buildActionMask = 2147483647;
			files = (
			);
			runOnlyForDeploymentPostprocessing = 0;
		};
/* End PBXSourcesBuildPhase section */

/* Begin PBXTargetDependency section */
		7CF00DB12D13FB1900CB1089 /* PBXTargetDependency */ = {
			isa = PBXTargetDependency;
			target = 7CF00D982D13FB1700CB1089 /* LiveStreamPlayback */;
			targetProxy = 7CF00DB02D13FB1900CB1089 /* PBXContainerItemProxy */;
		};
		7CF00DBB2D13FB1900CB1089 /* PBXTargetDependency */ = {
			isa = PBXTargetDependency;
			target = 7CF00D982D13FB1700CB1089 /* LiveStreamPlayback */;
			targetProxy = 7CF00DBA2D13FB1900CB1089 /* PBXContainerItemProxy */;
		};
/* End PBXTargetDependency section */

/* Begin XCBuildConfiguration section */
		7CF00DC32D13FB1900CB1089 /* Debug */ = {
			isa = XCBuildConfiguration;
			buildSettings = {
				ASSETCATALOG_COMPILER_APPICON_NAME = AppIcon;
				ASSETCATALOG_COMPILER_GLOBAL_ACCENT_COLOR_NAME = AccentColor;
				CODE_SIGN_STYLE = Automatic;
				CURRENT_PROJECT_VERSION = 1;
				DEVELOPMENT_TEAM = TTQKV8DY33;
				GENERATE_INFOPLIST_FILE = YES;
				INFOPLIST_FILE = LiveStreamPlayback/Info.plist;
				INFOPLIST_KEY_UIApplicationSupportsIndirectInputEvents = YES;
				INFOPLIST_KEY_UILaunchStoryboardName = LaunchScreen;
				INFOPLIST_KEY_UIMainStoryboardFile = Main;
				INFOPLIST_KEY_UISupportedInterfaceOrientations_iPad = "UIInterfaceOrientationPortrait UIInterfaceOrientationPortraitUpsideDown UIInterfaceOrientationLandscapeLeft UIInterfaceOrientationLandscapeRight";
				INFOPLIST_KEY_UISupportedInterfaceOrientations_iPhone = "UIInterfaceOrientationPortrait UIInterfaceOrientationLandscapeLeft UIInterfaceOrientationLandscapeRight";
				LD_RUNPATH_SEARCH_PATHS = (
					"$(inherited)",
					"@executable_path/Frameworks",
				);
				MARKETING_VERSION = 1.0;
				PRODUCT_BUNDLE_IDENTIFIER = testing.LiveStreamPlayback;
				PRODUCT_NAME = "$(TARGET_NAME)";
				SWIFT_EMIT_LOC_STRINGS = YES;
				SWIFT_VERSION = 5.0;
				TARGETED_DEVICE_FAMILY = "1,2";
			};
			name = Debug;
		};
		7CF00DC42D13FB1900CB1089 /* Release */ = {
			isa = XCBuildConfiguration;
			buildSettings = {
				ASSETCATALOG_COMPILER_APPICON_NAME = AppIcon;
				ASSETCATALOG_COMPILER_GLOBAL_ACCENT_COLOR_NAME = AccentColor;
				CODE_SIGN_STYLE = Automatic;
				CURRENT_PROJECT_VERSION = 1;
				DEVELOPMENT_TEAM = TTQKV8DY33;
				GENERATE_INFOPLIST_FILE = YES;
				INFOPLIST_FILE = LiveStreamPlayback/Info.plist;
				INFOPLIST_KEY_UIApplicationSupportsIndirectInputEvents = YES;
				INFOPLIST_KEY_UILaunchStoryboardName = LaunchScreen;
				INFOPLIST_KEY_UIMainStoryboardFile = Main;
				INFOPLIST_KEY_UISupportedInterfaceOrientations_iPad = "UIInterfaceOrientationPortrait UIInterfaceOrientationPortraitUpsideDown UIInterfaceOrientationLandscapeLeft UIInterfaceOrientationLandscapeRight";
				INFOPLIST_KEY_UISupportedInterfaceOrientations_iPhone = "UIInterfaceOrientationPortrait UIInterfaceOrientationLandscapeLeft UIInterfaceOrientationLandscapeRight";
				LD_RUNPATH_SEARCH_PATHS = (
					"$(inherited)",
					"@executable_path/Frameworks",
				);
				MARKETING_VERSION = 1.0;
				PRODUCT_BUNDLE_IDENTIFIER = testing.LiveStreamPlayback;
				PRODUCT_NAME = "$(TARGET_NAME)";
				SWIFT_EMIT_LOC_STRINGS = YES;
				SWIFT_VERSION = 5.0;
				TARGETED_DEVICE_FAMILY = "1,2";
			};
			name = Release;
		};
		7CF00DC52D13FB1900CB1089 /* Debug */ = {
			isa = XCBuildConfiguration;
			buildSettings = {
				ALWAYS_SEARCH_USER_PATHS = NO;
				ASSETCATALOG_COMPILER_GENERATE_SWIFT_ASSET_SYMBOL_EXTENSIONS = YES;
				CLANG_ANALYZER_NONNULL = YES;
				CLANG_ANALYZER_NUMBER_OBJECT_CONVERSION = YES_AGGRESSIVE;
				CLANG_CXX_LANGUAGE_STANDARD = "gnu++20";
				CLANG_ENABLE_MODULES = YES;
				CLANG_ENABLE_OBJC_ARC = YES;
				CLANG_ENABLE_OBJC_WEAK = YES;
				CLANG_WARN_BLOCK_CAPTURE_AUTORELEASING = YES;
				CLANG_WARN_BOOL_CONVERSION = YES;
				CLANG_WARN_COMMA = YES;
				CLANG_WARN_CONSTANT_CONVERSION = YES;
				CLANG_WARN_DEPRECATED_OBJC_IMPLEMENTATIONS = YES;
				CLANG_WARN_DIRECT_OBJC_ISA_USAGE = YES_ERROR;
				CLANG_WARN_DOCUMENTATION_COMMENTS = YES;
				CLANG_WARN_EMPTY_BODY = YES;
				CLANG_WARN_ENUM_CONVERSION = YES;
				CLANG_WARN_INFINITE_RECURSION = YES;
				CLANG_WARN_INT_CONVERSION = YES;
				CLANG_WARN_NON_LITERAL_NULL_CONVERSION = YES;
				CLANG_WARN_OBJC_IMPLICIT_RETAIN_SELF = YES;
				CLANG_WARN_OBJC_LITERAL_CONVERSION = YES;
				CLANG_WARN_OBJC_ROOT_CLASS = YES_ERROR;
				CLANG_WARN_QUOTED_INCLUDE_IN_FRAMEWORK_HEADER = YES;
				CLANG_WARN_RANGE_LOOP_ANALYSIS = YES;
				CLANG_WARN_STRICT_PROTOTYPES = YES;
				CLANG_WARN_SUSPICIOUS_MOVE = YES;
				CLANG_WARN_UNGUARDED_AVAILABILITY = YES_AGGRESSIVE;
				CLANG_WARN_UNREACHABLE_CODE = YES;
				CLANG_WARN__DUPLICATE_METHOD_MATCH = YES;
				COPY_PHASE_STRIP = NO;
				DEBUG_INFORMATION_FORMAT = dwarf;
				ENABLE_STRICT_OBJC_MSGSEND = YES;
				ENABLE_TESTABILITY = YES;
				ENABLE_USER_SCRIPT_SANDBOXING = YES;
				GCC_C_LANGUAGE_STANDARD = gnu17;
				GCC_DYNAMIC_NO_PIC = NO;
				GCC_NO_COMMON_BLOCKS = YES;
				GCC_OPTIMIZATION_LEVEL = 0;
				GCC_PREPROCESSOR_DEFINITIONS = (
					"DEBUG=1",
					"$(inherited)",
				);
				GCC_WARN_64_TO_32_BIT_CONVERSION = YES;
				GCC_WARN_ABOUT_RETURN_TYPE = YES_ERROR;
				GCC_WARN_UNDECLARED_SELECTOR = YES;
				GCC_WARN_UNINITIALIZED_AUTOS = YES_AGGRESSIVE;
				GCC_WARN_UNUSED_FUNCTION = YES;
				GCC_WARN_UNUSED_VARIABLE = YES;
				IPHONEOS_DEPLOYMENT_TARGET = 18.0;
				LOCALIZATION_PREFERS_STRING_CATALOGS = YES;
				MTL_ENABLE_DEBUG_INFO = INCLUDE_SOURCE;
				MTL_FAST_MATH = YES;
				ONLY_ACTIVE_ARCH = YES;
				SDKROOT = iphoneos;
				SWIFT_ACTIVE_COMPILATION_CONDITIONS = "DEBUG $(inherited)";
				SWIFT_OPTIMIZATION_LEVEL = "-Onone";
			};
			name = Debug;
		};
		7CF00DC62D13FB1900CB1089 /* Release */ = {
			isa = XCBuildConfiguration;
			buildSettings = {
				ALWAYS_SEARCH_USER_PATHS = NO;
				ASSETCATALOG_COMPILER_GENERATE_SWIFT_ASSET_SYMBOL_EXTENSIONS = YES;
				CLANG_ANALYZER_NONNULL = YES;
				CLANG_ANALYZER_NUMBER_OBJECT_CONVERSION = YES_AGGRESSIVE;
				CLANG_CXX_LANGUAGE_STANDARD = "gnu++20";
				CLANG_ENABLE_MODULES = YES;
				CLANG_ENABLE_OBJC_ARC = YES;
				CLANG_ENABLE_OBJC_WEAK = YES;
				CLANG_WARN_BLOCK_CAPTURE_AUTORELEASING = YES;
				CLANG_WARN_BOOL_CONVERSION = YES;
				CLANG_WARN_COMMA = YES;
				CLANG_WARN_CONSTANT_CONVERSION = YES;
				CLANG_WARN_DEPRECATED_OBJC_IMPLEMENTATIONS = YES;
				CLANG_WARN_DIRECT_OBJC_ISA_USAGE = YES_ERROR;
				CLANG_WARN_DOCUMENTATION_COMMENTS = YES;
				CLANG_WARN_EMPTY_BODY = YES;
				CLANG_WARN_ENUM_CONVERSION = YES;
				CLANG_WARN_INFINITE_RECURSION = YES;
				CLANG_WARN_INT_CONVERSION = YES;
				CLANG_WARN_NON_LITERAL_NULL_CONVERSION = YES;
				CLANG_WARN_OBJC_IMPLICIT_RETAIN_SELF = YES;
				CLANG_WARN_OBJC_LITERAL_CONVERSION = YES;
				CLANG_WARN_OBJC_ROOT_CLASS = YES_ERROR;
				CLANG_WARN_QUOTED_INCLUDE_IN_FRAMEWORK_HEADER = YES;
				CLANG_WARN_RANGE_LOOP_ANALYSIS = YES;
				CLANG_WARN_STRICT_PROTOTYPES = YES;
				CLANG_WARN_SUSPICIOUS_MOVE = YES;
				CLANG_WARN_UNGUARDED_AVAILABILITY = YES_AGGRESSIVE;
				CLANG_WARN_UNREACHABLE_CODE = YES;
				CLANG_WARN__DUPLICATE_METHOD_MATCH = YES;
				COPY_PHASE_STRIP = NO;
				DEBUG_INFORMATION_FORMAT = "dwarf-with-dsym";
				ENABLE_NS_ASSERTIONS = NO;
				ENABLE_STRICT_OBJC_MSGSEND = YES;
				ENABLE_USER_SCRIPT_SANDBOXING = YES;
				GCC_C_LANGUAGE_STANDARD = gnu17;
				GCC_NO_COMMON_BLOCKS = YES;
				GCC_WARN_64_TO_32_BIT_CONVERSION = YES;
				GCC_WARN_ABOUT_RETURN_TYPE = YES_ERROR;
				GCC_WARN_UNDECLARED_SELECTOR = YES;
				GCC_WARN_UNINITIALIZED_AUTOS = YES_AGGRESSIVE;
				GCC_WARN_UNUSED_FUNCTION = YES;
				GCC_WARN_UNUSED_VARIABLE = YES;
				IPHONEOS_DEPLOYMENT_TARGET = 18.0;
				LOCALIZATION_PREFERS_STRING_CATALOGS = YES;
				MTL_ENABLE_DEBUG_INFO = NO;
				MTL_FAST_MATH = YES;
				SDKROOT = iphoneos;
				SWIFT_COMPILATION_MODE = wholemodule;
				VALIDATE_PRODUCT = YES;
			};
			name = Release;
		};
		7CF00DC82D13FB1900CB1089 /* Debug */ = {
			isa = XCBuildConfiguration;
			buildSettings = {
				BUNDLE_LOADER = "$(TEST_HOST)";
				CODE_SIGN_STYLE = Automatic;
				CURRENT_PROJECT_VERSION = 1;
				DEVELOPMENT_TEAM = TTQKV8DY33;
				GENERATE_INFOPLIST_FILE = YES;
				IPHONEOS_DEPLOYMENT_TARGET = 18.0;
				MARKETING_VERSION = 1.0;
				PRODUCT_BUNDLE_IDENTIFIER = testing.LiveStreamPlaybackTests;
				PRODUCT_NAME = "$(TARGET_NAME)";
				SWIFT_EMIT_LOC_STRINGS = NO;
				SWIFT_VERSION = 5.0;
				TARGETED_DEVICE_FAMILY = "1,2";
				TEST_HOST = "$(BUILT_PRODUCTS_DIR)/LiveStreamPlayback.app/$(BUNDLE_EXECUTABLE_FOLDER_PATH)/LiveStreamPlayback";
			};
			name = Debug;
		};
		7CF00DC92D13FB1900CB1089 /* Release */ = {
			isa = XCBuildConfiguration;
			buildSettings = {
				BUNDLE_LOADER = "$(TEST_HOST)";
				CODE_SIGN_STYLE = Automatic;
				CURRENT_PROJECT_VERSION = 1;
				DEVELOPMENT_TEAM = TTQKV8DY33;
				GENERATE_INFOPLIST_FILE = YES;
				IPHONEOS_DEPLOYMENT_TARGET = 18.0;
				MARKETING_VERSION = 1.0;
				PRODUCT_BUNDLE_IDENTIFIER = testing.LiveStreamPlaybackTests;
				PRODUCT_NAME = "$(TARGET_NAME)";
				SWIFT_EMIT_LOC_STRINGS = NO;
				SWIFT_VERSION = 5.0;
				TARGETED_DEVICE_FAMILY = "1,2";
				TEST_HOST = "$(BUILT_PRODUCTS_DIR)/LiveStreamPlayback.app/$(BUNDLE_EXECUTABLE_FOLDER_PATH)/LiveStreamPlayback";
			};
			name = Release;
		};
		7CF00DCB2D13FB1900CB1089 /* Debug */ = {
			isa = XCBuildConfiguration;
			buildSettings = {
				CODE_SIGN_STYLE = Automatic;
				CURRENT_PROJECT_VERSION = 1;
				DEVELOPMENT_TEAM = TTQKV8DY33;
				GENERATE_INFOPLIST_FILE = YES;
				MARKETING_VERSION = 1.0;
				PRODUCT_BUNDLE_IDENTIFIER = testing.LiveStreamPlaybackUITests;
				PRODUCT_NAME = "$(TARGET_NAME)";
				SWIFT_EMIT_LOC_STRINGS = NO;
				SWIFT_VERSION = 5.0;
				TARGETED_DEVICE_FAMILY = "1,2";
				TEST_TARGET_NAME = LiveStreamPlayback;
			};
			name = Debug;
		};
		7CF00DCC2D13FB1900CB1089 /* Release */ = {
			isa = XCBuildConfiguration;
			buildSettings = {
				CODE_SIGN_STYLE = Automatic;
				CURRENT_PROJECT_VERSION = 1;
				DEVELOPMENT_TEAM = TTQKV8DY33;
				GENERATE_INFOPLIST_FILE = YES;
				MARKETING_VERSION = 1.0;
				PRODUCT_BUNDLE_IDENTIFIER = testing.LiveStreamPlaybackUITests;
				PRODUCT_NAME = "$(TARGET_NAME)";
				SWIFT_EMIT_LOC_STRINGS = NO;
				SWIFT_VERSION = 5.0;
				TARGETED_DEVICE_FAMILY = "1,2";
				TEST_TARGET_NAME = LiveStreamPlayback;
			};
			name = Release;
		};
/* End XCBuildConfiguration section */

/* Begin XCConfigurationList section */
		7CF00D942D13FB1700CB1089 /* Build configuration list for PBXProject "LiveStreamPlayback" */ = {
			isa = XCConfigurationList;
			buildConfigurations = (
				7CF00DC52D13FB1900CB1089 /* Debug */,
				7CF00DC62D13FB1900CB1089 /* Release */,
			);
			defaultConfigurationIsVisible = 0;
			defaultConfigurationName = Release;
		};
		7CF00DC22D13FB1900CB1089 /* Build configuration list for PBXNativeTarget "LiveStreamPlayback" */ = {
			isa = XCConfigurationList;
			buildConfigurations = (
				7CF00DC32D13FB1900CB1089 /* Debug */,
				7CF00DC42D13FB1900CB1089 /* Release */,
			);
			defaultConfigurationIsVisible = 0;
			defaultConfigurationName = Release;
		};
		7CF00DC72D13FB1900CB1089 /* Build configuration list for PBXNativeTarget "LiveStreamPlaybackTests" */ = {
			isa = XCConfigurationList;
			buildConfigurations = (
				7CF00DC82D13FB1900CB1089 /* Debug */,
				7CF00DC92D13FB1900CB1089 /* Release */,
			);
			defaultConfigurationIsVisible = 0;
			defaultConfigurationName = Release;
		};
		7CF00DCA2D13FB1900CB1089 /* Build configuration list for PBXNativeTarget "LiveStreamPlaybackUITests" */ = {
			isa = XCConfigurationList;
			buildConfigurations = (
				7CF00DCB2D13FB1900CB1089 /* Debug */,
				7CF00DCC2D13FB1900CB1089 /* Release */,
			);
			defaultConfigurationIsVisible = 0;
			defaultConfigurationName = Release;
		};
/* End XCConfigurationList section */
	};
	rootObject = 7CF00D912D13FB1700CB1089 /* Project object */;
}
